
Microsoft Visual Studio Solution File, Format Version 12.00
# Visual Studio Version 16
VisualStudioVersion = 16.0.30804.86
MinimumVisualStudioVersion = 10.0.40219.1
Project("{FAE04EC0-301F-11D3-BF4B-00C04F79EFBC}") = "WebApplication8", "WebApplication8\WebApplication8.csproj", "{C7BC8B89-55A9-466A-ADEE-310457B30604}"
EndProject
Global
	GlobalSection(SolutionConfigurationPlatforms) = preSolution
		Debug|Any CPU = Debug|Any CPU
		Release|Any CPU = Release|Any CPU
	EndGlobalSection
	GlobalSection(ProjectConfigurationPlatforms) = postSolution
		{C7BC8B89-55A9-466A-ADEE-310457B30604}.Debug|Any CPU.ActiveCfg = Debug|Any CPU
		{C7BC8B89-55A9-466A-ADEE-310457B30604}.Debug|Any CPU.Build.0 = Debug|Any CPU
		{C7BC8B89-55A9-466A-ADEE-310457B30604}.Release|Any CPU.ActiveCfg = Release|Any CPU
		{C7BC8B89-55A9-466A-ADEE-310457B30604}.Release|Any CPU.Build.0 = Release|Any CPU
	EndGlobalSection
	GlobalSection(SolutionProperties) = preSolution
		HideSolutionNode = FALSE
	EndGlobalSection
	GlobalSection(ExtensibilityGlobals) = postSolution
		SolutionGuid = {AD583F83-1F98-4EE8-840D-9D5B5F116764}
	EndGlobalSection
EndGlobal
